PODS:
  - FlutterMacOS (1.0.0)
  - pickit2_flutter (0.0.1):
    - FlutterMacOS

DEPENDENCIES:
  - FlutterMacOS (from `Flutter/ephemeral`)
  - pickit2_flutter (from `Flutter/ephemeral/.symlinks/plugins/pickit2_flutter/macos`)

EXTERNAL SOURCES:
  FlutterMacOS:
    :path: Flutter/ephemeral
  pickit2_flutter:
    :path: Flutter/ephemeral/.symlinks/plugins/pickit2_flutter/macos

SPEC CHECKSUMS:
  FlutterMacOS: c232990155153907050900a2e175c7773903ba4e
  pickit2_flutter: 7ae76e2cdcec7c5c3c311683c1101290cf47b201

PODFILE CHECKSUM: 1e95c36afbfd1cb6423ceca4de7a8e1b256fb6ac

COCOAPODS: 1.17.0
